
Microsoft Visual Studio Solution File, Format Version 12.00
# Visual Studio Version 17
VisualStudioVersion = 17.3.32929.385
MinimumVisualStudioVersion = 10.0.40219.1
Project("{FAE04EC0-301F-11D3-BF4B-00C04F79EFBC}") = "ASP.NET_APP_", "ASP.NET_APP_\ASP.NET_APP_.csproj", "{C418D198-70A9-470A-A7FD-979B1B985FB6}"
EndProject
Global
	GlobalSection(SolutionConfigurationPlatforms) = preSolution
		Debug|Any CPU = Debug|Any CPU
		Release|Any CPU = Release|Any CPU
	EndGlobalSection
	GlobalSection(ProjectConfigurationPlatforms) = postSolution
		{C418D198-70A9-470A-A7FD-979B1B985FB6}.Debug|Any CPU.ActiveCfg = Debug|Any CPU
		{C418D198-70A9-470A-A7FD-979B1B985FB6}.Debug|Any CPU.Build.0 = Debug|Any CPU
		{C418D198-70A9-470A-A7FD-979B1B985FB6}.Release|Any CPU.ActiveCfg = Release|Any CPU
		{C418D198-70A9-470A-A7FD-979B1B985FB6}.Release|Any CPU.Build.0 = Release|Any CPU
	EndGlobalSection
	GlobalSection(SolutionProperties) = preSolution
		HideSolutionNode = FALSE
	EndGlobalSection
	GlobalSection(ExtensibilityGlobals) = postSolution
		SolutionGuid = {9996C6D9-D1BD-44CB-9366-8D8C4645278F}
	EndGlobalSection
EndGlobal
